# THIS IS AN AUTOGENERATED FILE. DO NOT EDIT THIS FILE DIRECTLY.
# yarn lockfile v1


body-scroll-lock@^2.5.7:
  version "2.5.7"
  resolved "https://registry.yarnpkg.com/body-scroll-lock/-/body-scroll-lock-2.5.7.tgz#2a3ffc87ef3aa3954ba44073625e5318117cf968"

dayjs@^1.6.5:
  version "1.7.5"
  resolved "https://registry.yarnpkg.com/dayjs/-/dayjs-1.7.5.tgz#14715cb565d1f8cb556a8531cb14bf1fc33067cc"

keycode@^2.1.9:
  version "2.2.0"
  resolved "https://registry.yarnpkg.com/keycode/-/keycode-2.2.0.tgz#3d0af56dc7b8b8e5cba8d0a97f107204eec22b04"

muse-ui@^3.0.1:
  version "3.0.1"
  resolved "https://registry.yarnpkg.com/muse-ui/-/muse-ui-3.0.1.tgz#6c22cc424f3573b7c8ddcc5a662d40f2e4c8caea"
  dependencies:
    body-scroll-lock "^2.5.7"
    dayjs "^1.6.5"
    keycode "^2.1.9"
    normalize-wheel "^1.0.1"
    resize-observer-polyfill "^1.5.0"

normalize-wheel@^1.0.1:
  version "1.0.1"
  resolved "https://registry.yarnpkg.com/normalize-wheel/-/normalize-wheel-1.0.1.tgz#aec886affdb045070d856447df62ecf86146ec45"

resize-observer-polyfill@^1.5.0:
  version "1.5.0"
  resolved "https://registry.yarnpkg.com/resize-observer-polyfill/-/resize-observer-polyfill-1.5.0.tgz#660ff1d9712a2382baa2cad450a4716209f9ca69"
